
Microsoft Visual Studio Solution File, Format Version 12.00
Project("{FAE04EC0-301F-11D3-BF4B-00C04F79EFBC}") = "JwtAuthApi", "JwtAuthApi\JwtAuthApi.csproj", "{7F62892B-71E9-4718-A452-F1882F677DD7}"
EndProject
Global
	GlobalSection(SolutionConfigurationPlatforms) = preSolution
		Debug|Any CPU = Debug|Any CPU
		Release|Any CPU = Release|Any CPU
	EndGlobalSection
	GlobalSection(ProjectConfigurationPlatforms) = postSolution
		{7F62892B-71E9-4718-A452-F1882F677DD7}.Debug|Any CPU.ActiveCfg = Debug|Any CPU
		{7F62892B-71E9-4718-A452-F1882F677DD7}.Debug|Any CPU.Build.0 = Debug|Any CPU
		{7F62892B-71E9-4718-A452-F1882F677DD7}.Release|Any CPU.ActiveCfg = Release|Any CPU
		{7F62892B-71E9-4718-A452-F1882F677DD7}.Release|Any CPU.Build.0 = Release|Any CPU
	EndGlobalSection
EndGlobal
